// !$*UTF8*$!
{
	archiveVersion = 1;
	classes = {
	};
	objectVersion = 50;
	objects = {

/* Begin PBXBuildFile section */
		BA19B2462336B2CA00E39642 /* FizzBuzz.swift in Sources */ = {isa = PBXBuildFile; fileRef = BA19B2452336B2CA00E39642 /* FizzBuzz.swift */; };
		BA19B24A2336B71300E39642 /* FizzBuzzTests.swift in Sources */ = {isa = PBXBuildFile; fileRef = BA19B2492336B71300E39642 /* FizzBuzzTests.swift */; };
		BA8B96A523367FFE004A489C /* BubbleSort.swift in Sources */ = {isa = PBXBuildFile; fileRef = BA8B96A423367FFE004A489C /* BubbleSort.swift */; };
		BA8B96A823368045004A489C /* BubbleSortTests.swift in Sources */ = {isa = PBXBuildFile; fileRef = BA8B96A723368045004A489C /* BubbleSortTests.swift */; };
		BA8B96AA23368759004A489C /* LinearSearch.swift in Sources */ = {isa = PBXBuildFile; fileRef = BA8B96A923368759004A489C /* LinearSearch.swift */; };
		BA8B96AE23368A31004A489C /* LinearSearchTests.swift in Sources */ = {isa = PBXBuildFile; fileRef = BA8B96AD23368A31004A489C /* LinearSearchTests.swift */; };
		BA8B96B123368DE4004A489C /* README.md in Resources */ = {isa = PBXBuildFile; fileRef = BA8B96AF23368DE4004A489C /* README.md */; };
		BA8B96B223368DE4004A489C /* Demo in Resources */ = {isa = PBXBuildFile; fileRef = BA8B96B023368DE4004A489C /* Demo */; };
		BA9BB8F623367E9900C13E58 /* AppDelegate.swift in Sources */ = {isa = PBXBuildFile; fileRef = BA9BB8F523367E9900C13E58 /* AppDelegate.swift */; };
		BA9BB8F823367E9900C13E58 /* SceneDelegate.swift in Sources */ = {isa = PBXBuildFile; fileRef = BA9BB8F723367E9900C13E58 /* SceneDelegate.swift */; };
		BA9BB8FA23367E9900C13E58 /* ContentView.swift in Sources */ = {isa = PBXBuildFile; fileRef = BA9BB8F923367E9900C13E58 /* ContentView.swift */; };
		BA9BB8FC23367E9A00C13E58 /* Assets.xcassets in Resources */ = {isa = PBXBuildFile; fileRef = BA9BB8FB23367E9A00C13E58 /* Assets.xcassets */; };
		BA9BB8FF23367E9A00C13E58 /* Preview Assets.xcassets in Resources */ = {isa = PBXBuildFile; fileRef = BA9BB8FE23367E9A00C13E58 /* Preview Assets.xcassets */; };
		BA9BB90223367E9A00C13E58 /* LaunchScreen.storyboard in Resources */ = {isa = PBXBuildFile; fileRef = BA9BB90023367E9A00C13E58 /* LaunchScreen.storyboard */; };
		BA9BB90D23367E9A00C13E58 /* AlgorithmsTests.swift in Sources */ = {isa = PBXBuildFile; fileRef = BA9BB90C23367E9A00C13E58 /* AlgorithmsTests.swift */; };
/* End PBXBuildFile section */

/* Begin PBXContainerItemProxy section */
		BA9BB90923367E9A00C13E58 /* PBXContainerItemProxy */ = {
			isa = PBXContainerItemProxy;
			containerPortal = BA9BB8EA23367E9900C13E58 /* Project object */;
			proxyType = 1;
			remoteGlobalIDString = BA9BB8F123367E9900C13E58;
			remoteInfo = Algorithms;
		};
/* End PBXContainerItemProxy section */

/* Begin PBXFileReference section */
		BA19B2452336B2CA00E39642 /* FizzBuzz.swift */ = {isa = PBXFileReference; lastKnownFileType = sourcecode.swift; path = FizzBuzz.swift; sourceTree = "<group>"; };
		BA19B2472336B40800E39642 /* FizzBuzz.playground */ = {isa = PBXFileReference; lastKnownFileType = file.playground; path = FizzBuzz.playground; sourceTree = "<group>"; xcLanguageSpecificationIdentifier = xcode.lang.swift; };
		BA19B2492336B71300E39642 /* FizzBuzzTests.swift */ = {isa = PBXFileReference; lastKnownFileType = sourcecode.swift; path = FizzBuzzTests.swift; sourceTree = "<group>"; };
		BA8B96A423367FFE004A489C /* BubbleSort.swift */ = {isa = PBXFileReference; lastKnownFileType = sourcecode.swift; path = BubbleSort.swift; sourceTree = "<group>"; };
		BA8B96A723368045004A489C /* BubbleSortTests.swift */ = {isa = PBXFileReference; lastKnownFileType = sourcecode.swift; path = BubbleSortTests.swift; sourceTree = "<group>"; };
		BA8B96A923368759004A489C /* LinearSearch.swift */ = {isa = PBXFileReference; lastKnownFileType = sourcecode.swift; path = LinearSearch.swift; sourceTree = "<group>"; };
		BA8B96AC233688E8004A489C /* LinearSearch.playground */ = {isa = PBXFileReference; lastKnownFileType = file.playground; path = LinearSearch.playground; sourceTree = "<group>"; xcLanguageSpecificationIdentifier = xcode.lang.swift; };
		BA8B96AD23368A31004A489C /* LinearSearchTests.swift */ = {isa = PBXFileReference; lastKnownFileType = sourcecode.swift; path = LinearSearchTests.swift; sourceTree = "<group>"; };
		BA8B96AF23368DE4004A489C /* README.md */ = {isa = PBXFileReference; fileEncoding = 4; lastKnownFileType = net.daringfireball.markdown; path = README.md; sourceTree = "<group>"; };
		BA8B96B023368DE4004A489C /* Demo */ = {isa = PBXFileReference; lastKnownFileType = folder; path = Demo; sourceTree = "<group>"; };
		BA9BB8F223367E9900C13E58 /* Algorithms.app */ = {isa = PBXFileReference; explicitFileType = wrapper.application; includeInIndex = 0; path = Algorithms.app; sourceTree = BUILT_PRODUCTS_DIR; };
		BA9BB8F523367E9900C13E58 /* AppDelegate.swift */ = {isa = PBXFileReference; lastKnownFileType = sourcecode.swift; path = AppDelegate.swift; sourceTree = "<group>"; };
		BA9BB8F723367E9900C13E58 /* SceneDelegate.swift */ = {isa = PBXFileReference; lastKnownFileType = sourcecode.swift; path = SceneDelegate.swift; sourceTree = "<group>"; };
		BA9BB8F923367E9900C13E58 /* ContentView.swift */ = {isa = PBXFileReference; lastKnownFileType = sourcecode.swift; path = ContentView.swift; sourceTree = "<group>"; };
		BA9BB8FB23367E9A00C13E58 /* Assets.xcassets */ = {isa = PBXFileReference; lastKnownFileType = folder.assetcatalog; path = Assets.xcassets; sourceTree = "<group>"; };
		BA9BB8FE23367E9A00C13E58 /* Preview Assets.xcassets */ = {isa = PBXFileReference; lastKnownFileType = folder.assetcatalog; path = "Preview Assets.xcassets"; sourceTree = "<group>"; };
		BA9BB90123367E9A00C13E58 /* Base */ = {isa = PBXFileReference; lastKnownFileType = file.storyboard; name = Base; path = Base.lproj/LaunchScreen.storyboard; sourceTree = "<group>"; };
		BA9BB90323367E9A00C13E58 /* Info.plist */ = {isa = PBXFileReference; lastKnownFileType = text.plist.xml; path = Info.plist; sourceTree = "<group>"; };
		BA9BB90823367E9A00C13E58 /* AlgorithmsTests.xctest */ = {isa = PBXFileReference; explicitFileType = wrapper.cfbundle; includeInIndex = 0; path = AlgorithmsTests.xctest; sourceTree = BUILT_PRODUCTS_DIR; };
		BA9BB90C23367E9A00C13E58 /* AlgorithmsTests.swift */ = {isa = PBXFileReference; lastKnownFileType = sourcecode.swift; path = AlgorithmsTests.swift; sourceTree = "<group>"; };
		BA9BB90E23367E9A00C13E58 /* Info.plist */ = {isa = PBXFileReference; lastKnownFileType = text.plist.xml; path = Info.plist; sourceTree = "<group>"; };
/* End PBXFileReference section */

/* Begin PBXFrameworksBuildPhase section */
		BA9BB8EF23367E9900C13E58 /* Frameworks */ = {
			isa = PBXFrameworksBuildPhase;
			buildActionMask = 2147483647;
			files = (
			);
			runOnlyForDeploymentPostprocessing = 0;
		};
		BA9BB90523367E9A00C13E58 /* Frameworks */ = {
			isa = PBXFrameworksBuildPhase;
			buildActionMask = 2147483647;
			files = (
			);
			runOnlyForDeploymentPostprocessing = 0;
		};
/* End PBXFrameworksBuildPhase section */

/* Begin PBXGroup section */
		BA19B2482336B4BA00E39642 /* FizzBuzz */ = {
			isa = PBXGroup;
			children = (
				BA19B2452336B2CA00E39642 /* FizzBuzz.swift */,
				BA19B2472336B40800E39642 /* FizzBuzz.playground */,
			);
			path = FizzBuzz;
			sourceTree = "<group>";
		};
		BA8B96A62336800F004A489C /* BubbleSort */ = {
			isa = PBXGroup;
			children = (
				BA8B96A423367FFE004A489C /* BubbleSort.swift */,
			);
			path = BubbleSort;
			sourceTree = "<group>";
		};
		BA8B96AB2336876B004A489C /* LinearSearch */ = {
			isa = PBXGroup;
			children = (
				BA8B96A923368759004A489C /* LinearSearch.swift */,
				BA8B96AC233688E8004A489C /* LinearSearch.playground */,
			);
			path = LinearSearch;
			sourceTree = "<group>";
		};
		BA9BB8E923367E9900C13E58 = {
			isa = PBXGroup;
			children = (
				BA8B96AF23368DE4004A489C /* README.md */,
				BA8B96B023368DE4004A489C /* Demo */,
				BA9BB8F423367E9900C13E58 /* Algorithms */,
				BA9BB90B23367E9A00C13E58 /* AlgorithmsTests */,
				BA9BB8F323367E9900C13E58 /* Products */,
			);
			sourceTree = "<group>";
		};
		BA9BB8F323367E9900C13E58 /* Products */ = {
			isa = PBXGroup;
			children = (
				BA9BB8F223367E9900C13E58 /* Algorithms.app */,
				BA9BB90823367E9A00C13E58 /* AlgorithmsTests.xctest */,
			);
			name = Products;
			sourceTree = "<group>";
		};
		BA9BB8F423367E9900C13E58 /* Algorithms */ = {
			isa = PBXGroup;
			children = (
				BA9BB91723367F2700C13E58 /* Algorithms Content */,
				BA9BB8FD23367E9A00C13E58 /* Preview Content */,
				BA8B96A62336800F004A489C /* BubbleSort */,
				BA8B96AB2336876B004A489C /* LinearSearch */,
				BA19B2482336B4BA00E39642 /* FizzBuzz */,
			);
			path = Algorithms;
			sourceTree = "<group>";
		};
		BA9BB8FD23367E9A00C13E58 /* Preview Content */ = {
			isa = PBXGroup;
			children = (
				BA9BB8FE23367E9A00C13E58 /* Preview Assets.xcassets */,
			);
			path = "Preview Content";
			sourceTree = "<group>";
		};
		BA9BB90B23367E9A00C13E58 /* AlgorithmsTests */ = {
			isa = PBXGroup;
			children = (
				BA19B2492336B71300E39642 /* FizzBuzzTests.swift */,
				BA8B96A723368045004A489C /* BubbleSortTests.swift */,
				BA9BB90C23367E9A00C13E58 /* AlgorithmsTests.swift */,
				BA8B96AD23368A31004A489C /* LinearSearchTests.swift */,
				BA9BB90E23367E9A00C13E58 /* Info.plist */,
			);
			path = AlgorithmsTests;
			sourceTree = "<group>";
		};
		BA9BB91723367F2700C13E58 /* Algorithms Content */ = {
			isa = PBXGroup;
			children = (
				BA9BB8F523367E9900C13E58 /* AppDelegate.swift */,
				BA9BB8F723367E9900C13E58 /* SceneDelegate.swift */,
				BA9BB8F923367E9900C13E58 /* ContentView.swift */,
				BA9BB8FB23367E9A00C13E58 /* Assets.xcassets */,
				BA9BB90023367E9A00C13E58 /* LaunchScreen.storyboard */,
				BA9BB90323367E9A00C13E58 /* Info.plist */,
			);
			path = "Algorithms Content";
			sourceTree = "<group>";
		};
/* End PBXGroup section */

/* Begin PBXNativeTarget section */
		BA9BB8F123367E9900C13E58 /* Algorithms */ = {
			isa = PBXNativeTarget;
			buildConfigurationList = BA9BB91123367E9A00C13E58 /* Build configuration list for PBXNativeTarget "Algorithms" */;
			buildPhases = (
				BA9BB8EE23367E9900C13E58 /* Sources */,
				BA9BB8EF23367E9900C13E58 /* Frameworks */,
				BA9BB8F023367E9900C13E58 /* Resources */,
			);
			buildRules = (
			);
			dependencies = (
			);
			name = Algorithms;
			productName = Algorithms;
			productReference = BA9BB8F223367E9900C13E58 /* Algorithms.app */;
			productType = "com.apple.product-type.application";
		};
		BA9BB90723367E9A00C13E58 /* AlgorithmsTests */ = {
			isa = PBXNativeTarget;
			buildConfigurationList = BA9BB91423367E9A00C13E58 /* Build configuration list for PBXNativeTarget "AlgorithmsTests" */;
			buildPhases = (
				BA9BB90423367E9A00C13E58 /* Sources */,
				BA9BB90523367E9A00C13E58 /* Frameworks */,
				BA9BB90623367E9A00C13E58 /* Resources */,
			);
			buildRules = (
			);
			dependencies = (
				BA9BB90A23367E9A00C13E58 /* PBXTargetDependency */,
			);
			name = AlgorithmsTests;
			productName = AlgorithmsTests;
			productReference = BA9BB90823367E9A00C13E58 /* AlgorithmsTests.xctest */;
			productType = "com.apple.product-type.bundle.unit-test";
		};
/* End PBXNativeTarget section */

/* Begin PBXProject section */
		BA9BB8EA23367E9900C13E58 /* Project object */ = {
			isa = PBXProject;
			attributes = {
				LastSwiftUpdateCheck = 1100;
				LastUpgradeCheck = 1100;
				ORGANIZATIONNAME = vandermesis;
				TargetAttributes = {
					BA9BB8F123367E9900C13E58 = {
						CreatedOnToolsVersion = 11.0;
					};
					BA9BB90723367E9A00C13E58 = {
						CreatedOnToolsVersion = 11.0;
						TestTargetID = BA9BB8F123367E9900C13E58;
					};
				};
			};
			buildConfigurationList = BA9BB8ED23367E9900C13E58 /* Build configuration list for PBXProject "Algorithms" */;
			compatibilityVersion = "Xcode 9.3";
			developmentRegion = en;
			hasScannedForEncodings = 0;
			knownRegions = (
				en,
				Base,
			);
			mainGroup = BA9BB8E923367E9900C13E58;
			productRefGroup = BA9BB8F323367E9900C13E58 /* Products */;
			projectDirPath = "";
			projectRoot = "";
			targets = (
				BA9BB8F123367E9900C13E58 /* Algorithms */,
				BA9BB90723367E9A00C13E58 /* AlgorithmsTests */,
			);
		};
/* End PBXProject section */

/* Begin PBXResourcesBuildPhase section */
		BA9BB8F023367E9900C13E58 /* Resources */ = {
			isa = PBXResourcesBuildPhase;
			buildActionMask = 2147483647;
			files = (
				BA9BB90223367E9A00C13E58 /* LaunchScreen.storyboard in Resources */,
				BA9BB8FF23367E9A00C13E58 /* Preview Assets.xcassets in Resources */,
				BA8B96B123368DE4004A489C /* README.md in Resources */,
				BA9BB8FC23367E9A00C13E58 /* Assets.xcassets in Resources */,
				BA8B96B223368DE4004A489C /* Demo in Resources */,
			);
			runOnlyForDeploymentPostprocessing = 0;
		};
		BA9BB90623367E9A00C13E58 /* Resources */ = {
			isa = PBXResourcesBuildPhase;
			buildActionMask = 2147483647;
			files = (
			);
			runOnlyForDeploymentPostprocessing = 0;
		};
/* End PBXResourcesBuildPhase section */

/* Begin PBXSourcesBuildPhase section */
		BA9BB8EE23367E9900C13E58 /* Sources */ = {
			isa = PBXSourcesBuildPhase;
			buildActionMask = 2147483647;
			files = (
				BA9BB8F623367E9900C13E58 /* AppDelegate.swift in Sources */,
				BA9BB8F823367E9900C13E58 /* SceneDelegate.swift in Sources */,
				BA8B96AA23368759004A489C /* LinearSearch.swift in Sources */,
				BA9BB8FA23367E9900C13E58 /* ContentView.swift in Sources */,
				BA8B96A523367FFE004A489C /* BubbleSort.swift in Sources */,
				BA19B2462336B2CA00E39642 /* FizzBuzz.swift in Sources */,
			);
			runOnlyForDeploymentPostprocessing = 0;
		};
		BA9BB90423367E9A00C13E58 /* Sources */ = {
			isa = PBXSourcesBuildPhase;
			buildActionMask = 2147483647;
			files = (
				BA9BB90D23367E9A00C13E58 /* AlgorithmsTests.swift in Sources */,
				BA8B96A823368045004A489C /* BubbleSortTests.swift in Sources */,
				BA8B96AE23368A31004A489C /* LinearSearchTests.swift in Sources */,
				BA19B24A2336B71300E39642 /* FizzBuzzTests.swift in Sources */,
			);
			runOnlyForDeploymentPostprocessing = 0;
		};
/* End PBXSourcesBuildPhase section */

/* Begin PBXTargetDependency section */
		BA9BB90A23367E9A00C13E58 /* PBXTargetDependency */ = {
			isa = PBXTargetDependency;
			target = BA9BB8F123367E9900C13E58 /* Algorithms */;
			targetProxy = BA9BB90923367E9A00C13E58 /* PBXContainerItemProxy */;
		};
/* End PBXTargetDependency section */

/* Begin PBXVariantGroup section */
		BA9BB90023367E9A00C13E58 /* LaunchScreen.storyboard */ = {
			isa = PBXVariantGroup;
			children = (
				BA9BB90123367E9A00C13E58 /* Base */,
			);
			name = LaunchScreen.storyboard;
			sourceTree = "<group>";
		};
/* End PBXVariantGroup section */

/* Begin XCBuildConfiguration section */
		BA9BB90F23367E9A00C13E58 /* Debug */ = {
			isa = XCBuildConfiguration;
			buildSettings = {
				ALWAYS_SEARCH_USER_PATHS = NO;
				CLANG_ANALYZER_NONNULL = YES;
				CLANG_ANALYZER_NUMBER_OBJECT_CONVERSION = YES_AGGRESSIVE;
				CLANG_CXX_LANGUAGE_STANDARD = "gnu++14";
				CLANG_CXX_LIBRARY = "libc++";
				CLANG_ENABLE_MODULES = YES;
				CLANG_ENABLE_OBJC_ARC = YES;
				CLANG_ENABLE_OBJC_WEAK = YES;
				CLANG_WARN_BLOCK_CAPTURE_AUTORELEASING = YES;
				CLANG_WARN_BOOL_CONVERSION = YES;
				CLANG_WARN_COMMA = YES;
				CLANG_WARN_CONSTANT_CONVERSION = YES;
				CLANG_WARN_DEPRECATED_OBJC_IMPLEMENTATIONS = YES;
				CLANG_WARN_DIRECT_OBJC_ISA_USAGE = YES_ERROR;
				CLANG_WARN_DOCUMENTATION_COMMENTS = YES;
				CLANG_WARN_EMPTY_BODY = YES;
				CLANG_WARN_ENUM_CONVERSION = YES;
				CLANG_WARN_INFINITE_RECURSION = YES;
				CLANG_WARN_INT_CONVERSION = YES;
				CLANG_WARN_NON_LITERAL_NULL_CONVERSION = YES;
				CLANG_WARN_OBJC_IMPLICIT_RETAIN_SELF = YES;
				CLANG_WARN_OBJC_LITERAL_CONVERSION = YES;
				CLANG_WARN_OBJC_ROOT_CLASS = YES_ERROR;
				CLANG_WARN_RANGE_LOOP_ANALYSIS = YES;
				CLANG_WARN_STRICT_PROTOTYPES = YES;
				CLANG_WARN_SUSPICIOUS_MOVE = YES;
				CLANG_WARN_UNGUARDED_AVAILABILITY = YES_AGGRESSIVE;
				CLANG_WARN_UNREACHABLE_CODE = YES;
				CLANG_WARN__DUPLICATE_METHOD_MATCH = YES;
				COPY_PHASE_STRIP = NO;
				DEBUG_INFORMATION_FORMAT = dwarf;
				ENABLE_STRICT_OBJC_MSGSEND = YES;
				ENABLE_TESTABILITY = YES;
				GCC_C_LANGUAGE_STANDARD = gnu11;
				GCC_DYNAMIC_NO_PIC = NO;
				GCC_NO_COMMON_BLOCKS = YES;
				GCC_OPTIMIZATION_LEVEL = 0;
				GCC_PREPROCESSOR_DEFINITIONS = (
					"DEBUG=1",
					"$(inherited)",
				);
				GCC_WARN_64_TO_32_BIT_CONVERSION = YES;
				GCC_WARN_ABOUT_RETURN_TYPE = YES_ERROR;
				GCC_WARN_UNDECLARED_SELECTOR = YES;
				GCC_WARN_UNINITIALIZED_AUTOS = YES_AGGRESSIVE;
				GCC_WARN_UNUSED_FUNCTION = YES;
				GCC_WARN_UNUSED_VARIABLE = YES;
				IPHONEOS_DEPLOYMENT_TARGET = 13.0;
				MTL_ENABLE_DEBUG_INFO = INCLUDE_SOURCE;
				MTL_FAST_MATH = YES;
				ONLY_ACTIVE_ARCH = YES;
				SDKROOT = iphoneos;
				SWIFT_ACTIVE_COMPILATION_CONDITIONS = DEBUG;
				SWIFT_OPTIMIZATION_LEVEL = "-Onone";
			};
			name = Debug;
		};
		BA9BB91023367E9A00C13E58 /* Release */ = {
			isa = XCBuildConfiguration;
			buildSettings = {
				ALWAYS_SEARCH_USER_PATHS = NO;
				CLANG_ANALYZER_NONNULL = YES;
				CLANG_ANALYZER_NUMBER_OBJECT_CONVERSION = YES_AGGRESSIVE;
				CLANG_CXX_LANGUAGE_STANDARD = "gnu++14";
				CLANG_CXX_LIBRARY = "libc++";
				CLANG_ENABLE_MODULES = YES;
				CLANG_ENABLE_OBJC_ARC = YES;
				CLANG_ENABLE_OBJC_WEAK = YES;
				CLANG_WARN_BLOCK_CAPTURE_AUTORELEASING = YES;
				CLANG_WARN_BOOL_CONVERSION = YES;
				CLANG_WARN_COMMA = YES;
				CLANG_WARN_CONSTANT_CONVERSION = YES;
				CLANG_WARN_DEPRECATED_OBJC_IMPLEMENTATIONS = YES;
				CLANG_WARN_DIRECT_OBJC_ISA_USAGE = YES_ERROR;
				CLANG_WARN_DOCUMENTATION_COMMENTS = YES;
				CLANG_WARN_EMPTY_BODY = YES;
				CLANG_WARN_ENUM_CONVERSION = YES;
				CLANG_WARN_INFINITE_RECURSION = YES;
				CLANG_WARN_INT_CONVERSION = YES;
				CLANG_WARN_NON_LITERAL_NULL_CONVERSION = YES;
				CLANG_WARN_OBJC_IMPLICIT_RETAIN_SELF = YES;
				CLANG_WARN_OBJC_LITERAL_CONVERSION = YES;
				CLANG_WARN_OBJC_ROOT_CLASS = YES_ERROR;
				CLANG_WARN_RANGE_LOOP_ANALYSIS = YES;
				CLANG_WARN_STRICT_PROTOTYPES = YES;
				CLANG_WARN_SUSPICIOUS_MOVE = YES;
				CLANG_WARN_UNGUARDED_AVAILABILITY = YES_AGGRESSIVE;
				CLANG_WARN_UNREACHABLE_CODE = YES;
				CLANG_WARN__DUPLICATE_METHOD_MATCH = YES;
				COPY_PHASE_STRIP = NO;
				DEBUG_INFORMATION_FORMAT = "dwarf-with-dsym";
				ENABLE_NS_ASSERTIONS = NO;
				ENABLE_STRICT_OBJC_MSGSEND = YES;
				GCC_C_LANGUAGE_STANDARD = gnu11;
				GCC_NO_COMMON_BLOCKS = YES;
				GCC_WARN_64_TO_32_BIT_CONVERSION = YES;
				GCC_WARN_ABOUT_RETURN_TYPE = YES_ERROR;
				GCC_WARN_UNDECLARED_SELECTOR = YES;
				GCC_WARN_UNINITIALIZED_AUTOS = YES_AGGRESSIVE;
				GCC_WARN_UNUSED_FUNCTION = YES;
				GCC_WARN_UNUSED_VARIABLE = YES;
				IPHONEOS_DEPLOYMENT_TARGET = 13.0;
				MTL_ENABLE_DEBUG_INFO = NO;
				MTL_FAST_MATH = YES;
				SDKROOT = iphoneos;
				SWIFT_COMPILATION_MODE = wholemodule;
				SWIFT_OPTIMIZATION_LEVEL = "-O";
				VALIDATE_PRODUCT = YES;
			};
			name = Release;
		};
		BA9BB91223367E9A00C13E58 /* Debug */ = {
			isa = XCBuildConfiguration;
			buildSettings = {
				CODE_SIGN_STYLE = Automatic;
				DEVELOPMENT_ASSET_PATHS = "\"Algorithms/Preview Content\"";
				ENABLE_PREVIEWS = YES;
				INFOPLIST_FILE = "Algorithms/Algorithms Content/Info.plist";
				LD_RUNPATH_SEARCH_PATHS = (
					"$(inherited)",
					"@executable_path/Frameworks",
				);
				PRODUCT_BUNDLE_IDENTIFIER = com.vandermesis.Algorithms;
				PRODUCT_NAME = "$(TARGET_NAME)";
				SWIFT_VERSION = 5.0;
				TARGETED_DEVICE_FAMILY = 1;
			};
			name = Debug;
		};
		BA9BB91323367E9A00C13E58 /* Release */ = {
			isa = XCBuildConfiguration;
			buildSettings = {
				CODE_SIGN_STYLE = Automatic;
				DEVELOPMENT_ASSET_PATHS = "\"Algorithms/Preview Content\"";
				ENABLE_PREVIEWS = YES;
				INFOPLIST_FILE = "Algorithms/Algorithms Content/Info.plist";
				LD_RUNPATH_SEARCH_PATHS = (
					"$(inherited)",
					"@executable_path/Frameworks",
				);
				PRODUCT_BUNDLE_IDENTIFIER = com.vandermesis.Algorithms;
				PRODUCT_NAME = "$(TARGET_NAME)";
				SWIFT_VERSION = 5.0;
				TARGETED_DEVICE_FAMILY = 1;
			};
			name = Release;
		};
		BA9BB91523367E9A00C13E58 /* Debug */ = {
			isa = XCBuildConfiguration;
			buildSettings = {
				ALWAYS_EMBED_SWIFT_STANDARD_LIBRARIES = YES;
				BUNDLE_LOADER = "$(TEST_HOST)";
				CODE_SIGN_STYLE = Automatic;
				INFOPLIST_FILE = AlgorithmsTests/Info.plist;
				IPHONEOS_DEPLOYMENT_TARGET = 13.0;
				LD_RUNPATH_SEARCH_PATHS = (
					"$(inherited)",
					"@executable_path/Frameworks",
					"@loader_path/Frameworks",
				);
				PRODUCT_BUNDLE_IDENTIFIER = com.vandermesis.AlgorithmsTests;
				PRODUCT_NAME = "$(TARGET_NAME)";
				SWIFT_VERSION = 5.0;
				TARGETED_DEVICE_FAMILY = "1,2";
				TEST_HOST = "$(BUILT_PRODUCTS_DIR)/Algorithms.app/Algorithms";
			};
			name = Debug;
		};
		BA9BB91623367E9A00C13E58 /* Release */ = {
			isa = XCBuildConfiguration;
			buildSettings = {
				ALWAYS_EMBED_SWIFT_STANDARD_LIBRARIES = YES;
				BUNDLE_LOADER = "$(TEST_HOST)";
				CODE_SIGN_STYLE = Automatic;
				INFOPLIST_FILE = AlgorithmsTests/Info.plist;
				IPHONEOS_DEPLOYMENT_TARGET = 13.0;
				LD_RUNPATH_SEARCH_PATHS = (
					"$(inherited)",
					"@executable_path/Frameworks",
					"@loader_path/Frameworks",
				);
				PRODUCT_BUNDLE_IDENTIFIER = com.vandermesis.AlgorithmsTests;
				PRODUCT_NAME = "$(TARGET_NAME)";
				SWIFT_VERSION = 5.0;
				TARGETED_DEVICE_FAMILY = "1,2";
				TEST_HOST = "$(BUILT_PRODUCTS_DIR)/Algorithms.app/Algorithms";
			};
			name = Release;
		};
/* End XCBuildConfiguration section */

/* Begin XCConfigurationList section */
		BA9BB8ED23367E9900C13E58 /* Build configuration list for PBXProject "Algorithms" */ = {
			isa = XCConfigurationList;
			buildConfigurations = (
				BA9BB90F23367E9A00C13E58 /* Debug */,
				BA9BB91023367E9A00C13E58 /* Release */,
			);
			defaultConfigurationIsVisible = 0;
			defaultConfigurationName = Release;
		};
		BA9BB91123367E9A00C13E58 /* Build configuration list for PBXNativeTarget "Algorithms" */ = {
			isa = XCConfigurationList;
			buildConfigurations = (
				BA9BB91223367E9A00C13E58 /* Debug */,
				BA9BB91323367E9A00C13E58 /* Release */,
			);
			defaultConfigurationIsVisible = 0;
			defaultConfigurationName = Release;
		};
		BA9BB91423367E9A00C13E58 /* Build configuration list for PBXNativeTarget "AlgorithmsTests" */ = {
			isa = XCConfigurationList;
			buildConfigurations = (
				BA9BB91523367E9A00C13E58 /* Debug */,
				BA9BB91623367E9A00C13E58 /* Release */,
			);
			defaultConfigurationIsVisible = 0;
			defaultConfigurationName = Release;
		};
/* End XCConfigurationList section */
	};
	rootObject = BA9BB8EA23367E9900C13E58 /* Project object */;
}
